
Microsoft Visual Studio Solution File, Format Version 12.00
# Visual Studio Version 17
VisualStudioVersion = 17.7.34221.43
MinimumVisualStudioVersion = 10.0.40219.1
Project("{8BC9CEB8-8B4A-11D0-8D11-00A0C91BC942}") = "UnHolyJava", "UnHolyJava\UnHolyJava.vcxproj", "{876B8006-3019-4353-8C86-EADCFEA98C09}"
EndProject
Global
	GlobalSection(SolutionConfigurationPlatforms) = preSolution
		Debug|x64 = Debug|x64
		Debug|x86 = Debug|x86
		Release|x64 = Release|x64
		Release|x86 = Release|x86
	EndGlobalSection
	GlobalSection(ProjectConfigurationPlatforms) = postSolution
		{876B8006-3019-4353-8C86-EADCFEA98C09}.Debug|x64.ActiveCfg = Debug|x64
		{876B8006-3019-4353-8C86-EADCFEA98C09}.Debug|x64.Build.0 = Debug|x64
		{876B8006-3019-4353-8C86-EADCFEA98C09}.Debug|x86.ActiveCfg = Debug|Win32
		{876B8006-3019-4353-8C86-EADCFEA98C09}.Debug|x86.Build.0 = Debug|Win32
		{876B8006-3019-4353-8C86-EADCFEA98C09}.Release|x64.ActiveCfg = Release|x64
		{876B8006-3019-4353-8C86-EADCFEA98C09}.Release|x64.Build.0 = Release|x64
		{876B8006-3019-4353-8C86-EADCFEA98C09}.Release|x86.ActiveCfg = Release|Win32
		{876B8006-3019-4353-8C86-EADCFEA98C09}.Release|x86.Build.0 = Release|Win32
	EndGlobalSection
	GlobalSection(SolutionProperties) = preSolution
		HideSolutionNode = FALSE
	EndGlobalSection
	GlobalSection(ExtensibilityGlobals) = postSolution
		SolutionGuid = {9C912C48-26C5-4D12-AB6C-4FF238EEF10A}
	EndGlobalSection
EndGlobal
