
Microsoft Visual Studio Solution File, Format Version 12.00
# Visual Studio Version 17
VisualStudioVersion = 17.7.34031.279
MinimumVisualStudioVersion = 10.0.40219.1
Project("{8BC9CEB8-8B4A-11D0-8D11-00A0C91BC942}") = "UnHolyJavaCompiler", "UnHolyJavaCompiler\UnHolyJavaCompiler.vcxproj", "{8BCE35D9-7F68-488F-8A28-568B894C464C}"
EndProject
Global
	GlobalSection(SolutionConfigurationPlatforms) = preSolution
		Debug|x64 = Debug|x64
		Debug|x86 = Debug|x86
		Release|x64 = Release|x64
		Release|x86 = Release|x86
	EndGlobalSection
	GlobalSection(ProjectConfigurationPlatforms) = postSolution
		{8BCE35D9-7F68-488F-8A28-568B894C464C}.Debug|x64.ActiveCfg = Debug|x64
		{8BCE35D9-7F68-488F-8A28-568B894C464C}.Debug|x64.Build.0 = Debug|x64
		{8BCE35D9-7F68-488F-8A28-568B894C464C}.Debug|x86.ActiveCfg = Debug|Win32
		{8BCE35D9-7F68-488F-8A28-568B894C464C}.Debug|x86.Build.0 = Debug|Win32
		{8BCE35D9-7F68-488F-8A28-568B894C464C}.Release|x64.ActiveCfg = Release|x64
		{8BCE35D9-7F68-488F-8A28-568B894C464C}.Release|x64.Build.0 = Release|x64
		{8BCE35D9-7F68-488F-8A28-568B894C464C}.Release|x86.ActiveCfg = Release|Win32
		{8BCE35D9-7F68-488F-8A28-568B894C464C}.Release|x86.Build.0 = Release|Win32
	EndGlobalSection
	GlobalSection(SolutionProperties) = preSolution
		HideSolutionNode = FALSE
	EndGlobalSection
	GlobalSection(ExtensibilityGlobals) = postSolution
		SolutionGuid = {0F10C9DF-42D9-46F8-A421-7F9C0913F8A5}
	EndGlobalSection
EndGlobal
